
Microsoft Visual Studio Solution File, Format Version 12.00
# Visual Studio 2015
Project("{FAE04EC0-301F-11D3-BF4B-00C04F79EFBC}") = "ServerBuild.CSharp", "ServerBuild.CSharp.csproj", "{8FECA406-6876-29E4-55F9-1B7FB79B186D}"
EndProject
Global
	GlobalSection(SolutionConfigurationPlatforms) = preSolution
		Debug|Any CPU = Debug|Any CPU
		Release|Any CPU = Release|Any CPU
	EndGlobalSection
	GlobalSection(ProjectConfigurationPlatforms) = postSolution
		{8FECA406-6876-29E4-55F9-1B7FB79B186D}.Debug|Any CPU.ActiveCfg = Debug|Any CPU
		{8FECA406-6876-29E4-55F9-1B7FB79B186D}.Debug|Any CPU.Build.0 = Debug|Any CPU
		{8FECA406-6876-29E4-55F9-1B7FB79B186D}.Release|Any CPU.ActiveCfg = Release|Any CPU
		{8FECA406-6876-29E4-55F9-1B7FB79B186D}.Release|Any CPU.Build.0 = Release|Any CPU
	EndGlobalSection
	GlobalSection(SolutionProperties) = preSolution
		HideSolutionNode = FALSE
	EndGlobalSection
EndGlobal
